#MicroXplorer Configuration settings - do not modify
Dma.Request0=SPI3_TX
Dma.Request1=SPI3_RX
Dma.Request2=UART4_RX
Dma.Request3=USART2_RX
Dma.Request4=UART4_TX
Dma.Request5=USART2_TX
Dma.Request6=USART3_RX
Dma.Request7=UART7_RX
Dma.Request8=USART1_RX
Dma.RequestsNb=9
Dma.SPI3_RX.1.Direction=DMA_PERIPH_TO_MEMORY
Dma.SPI3_RX.1.FIFOMode=DMA_FIFOMODE_DISABLE
Dma.SPI3_RX.1.Instance=DMA1_Stream0
Dma.SPI3_RX.1.MemDataAlignment=DMA_MDATAALIGN_BYTE
Dma.SPI3_RX.1.MemInc=DMA_MINC_ENABLE
Dma.SPI3_RX.1.Mode=DMA_NORMAL
Dma.SPI3_RX.1.PeriphDataAlignment=DMA_PDATAALIGN_BYTE
Dma.SPI3_RX.1.PeriphInc=DMA_PINC_DISABLE
Dma.SPI3_RX.1.Priority=DMA_PRIORITY_MEDIUM
Dma.SPI3_RX.1.RequestParameters=Instance,Direction,PeriphInc,MemInc,PeriphDataAlignment,MemDataAlignment,Mode,Priority,FIFOMode
Dma.SPI3_TX.0.Direction=DMA_MEMORY_TO_PERIPH
Dma.SPI3_TX.0.FIFOMode=DMA_FIFOMODE_DISABLE
Dma.SPI3_TX.0.Instance=DMA1_Stream7
Dma.SPI3_TX.0.MemDataAlignment=DMA_MDATAALIGN_BYTE
Dma.SPI3_TX.0.MemInc=DMA_MINC_ENABLE
Dma.SPI3_TX.0.Mode=DMA_NORMAL
Dma.SPI3_TX.0.PeriphDataAlignment=DMA_PDATAALIGN_BYTE
Dma.SPI3_TX.0.PeriphInc=DMA_PINC_DISABLE
Dma.SPI3_TX.0.Priority=DMA_PRIORITY_MEDIUM
Dma.SPI3_TX.0.RequestParameters=Instance,Direction,PeriphInc,MemInc,PeriphDataAlignment,MemDataAlignment,Mode,Priority,FIFOMode
Dma.UART4_RX.2.Direction=DMA_PERIPH_TO_MEMORY
Dma.UART4_RX.2.FIFOMode=DMA_FIFOMODE_DISABLE
Dma.UART4_RX.2.Instance=DMA1_Stream2
Dma.UART4_RX.2.MemDataAlignment=DMA_MDATAALIGN_BYTE
Dma.UART4_RX.2.MemInc=DMA_MINC_ENABLE
Dma.UART4_RX.2.Mode=DMA_CIRCULAR
Dma.UART4_RX.2.PeriphDataAlignment=DMA_PDATAALIGN_BYTE
Dma.UART4_RX.2.PeriphInc=DMA_PINC_DISABLE
Dma.UART4_RX.2.Priority=DMA_PRIORITY_HIGH
Dma.UART4_RX.2.RequestParameters=Instance,Direction,PeriphInc,MemInc,PeriphDataAlignment,MemDataAlignment,Mode,Priority,FIFOMode
Dma.UART4_TX.4.Direction=DMA_MEMORY_TO_PERIPH
Dma.UART4_TX.4.FIFOMode=DMA_FIFOMODE_DISABLE
Dma.UART4_TX.4.Instance=DMA1_Stream4
Dma.UART4_TX.4.MemDataAlignment=DMA_MDATAALIGN_BYTE
Dma.UART4_TX.4.MemInc=DMA_MINC_ENABLE
Dma.UART4_TX.4.Mode=DMA_NORMAL
Dma.UART4_TX.4.PeriphDataAlignment=DMA_PDATAALIGN_BYTE
Dma.UART4_TX.4.PeriphInc=DMA_PINC_DISABLE
Dma.UART4_TX.4.Priority=DMA_PRIORITY_LOW
Dma.UART4_TX.4.RequestParameters=Instance,Direction,PeriphInc,MemInc,PeriphDataAlignment,MemDataAlignment,Mode,Priority,FIFOMode
Dma.UART7_RX.7.Direction=DMA_PERIPH_TO_MEMORY
Dma.UART7_RX.7.FIFOMode=DMA_FIFOMODE_DISABLE
Dma.UART7_RX.7.Instance=DMA1_Stream3
Dma.UART7_RX.7.MemDataAlignment=DMA_MDATAALIGN_BYTE
Dma.UART7_RX.7.MemInc=DMA_MINC_ENABLE
Dma.UART7_RX.7.Mode=DMA_CIRCULAR
Dma.UART7_RX.7.PeriphDataAlignment=DMA_PDATAALIGN_BYTE
Dma.UART7_RX.7.PeriphInc=DMA_PINC_DISABLE
Dma.UART7_RX.7.Priority=DMA_PRIORITY_HIGH
Dma.UART7_RX.7.RequestParameters=Instance,Direction,PeriphInc,MemInc,PeriphDataAlignment,MemDataAlignment,Mode,Priority,FIFOMode
Dma.USART1_RX.8.Direction=DMA_PERIPH_TO_MEMORY
Dma.USART1_RX.8.FIFOMode=DMA_FIFOMODE_DISABLE
Dma.USART1_RX.8.Instance=DMA2_Stream2
Dma.USART1_RX.8.MemDataAlignment=DMA_MDATAALIGN_BYTE
Dma.USART1_RX.8.MemInc=DMA_MINC_ENABLE
Dma.USART1_RX.8.Mode=DMA_CIRCULAR
Dma.USART1_RX.8.PeriphDataAlignment=DMA_PDATAALIGN_BYTE
Dma.USART1_RX.8.PeriphInc=DMA_PINC_DISABLE
Dma.USART1_RX.8.Priority=DMA_PRIORITY_MEDIUM
Dma.USART1_RX.8.RequestParameters=Instance,Direction,PeriphInc,MemInc,PeriphDataAlignment,MemDataAlignment,Mode,Priority,FIFOMode
Dma.USART2_RX.3.Direction=DMA_PERIPH_TO_MEMORY
Dma.USART2_RX.3.FIFOMode=DMA_FIFOMODE_DISABLE
Dma.USART2_RX.3.Instance=DMA1_Stream5
Dma.USART2_RX.3.MemDataAlignment=DMA_MDATAALIGN_BYTE
Dma.USART2_RX.3.MemInc=DMA_MINC_ENABLE
Dma.USART2_RX.3.Mode=DMA_CIRCULAR
Dma.USART2_RX.3.PeriphDataAlignment=DMA_PDATAALIGN_BYTE
Dma.USART2_RX.3.PeriphInc=DMA_PINC_DISABLE
Dma.USART2_RX.3.Priority=DMA_PRIORITY_HIGH
Dma.USART2_RX.3.RequestParameters=Instance,Direction,PeriphInc,MemInc,PeriphDataAlignment,MemDataAlignment,Mode,Priority,FIFOMode
Dma.USART2_TX.5.Direction=DMA_MEMORY_TO_PERIPH
Dma.USART2_TX.5.FIFOMode=DMA_FIFOMODE_DISABLE
Dma.USART2_TX.5.Instance=DMA1_Stream6
Dma.USART2_TX.5.MemDataAlignment=DMA_MDATAALIGN_BYTE
Dma.USART2_TX.5.MemInc=DMA_MINC_ENABLE
Dma.USART2_TX.5.Mode=DMA_NORMAL
Dma.USART2_TX.5.PeriphDataAlignment=DMA_PDATAALIGN_BYTE
Dma.USART2_TX.5.PeriphInc=DMA_PINC_DISABLE
Dma.USART2_TX.5.Priority=DMA_PRIORITY_LOW
Dma.USART2_TX.5.RequestParameters=Instance,Direction,PeriphInc,MemInc,PeriphDataAlignment,MemDataAlignment,Mode,Priority,FIFOMode
Dma.USART3_RX.6.Direction=DMA_PERIPH_TO_MEMORY
Dma.USART3_RX.6.FIFOMode=DMA_FIFOMODE_DISABLE
Dma.USART3_RX.6.Instance=DMA1_Stream1
Dma.USART3_RX.6.MemDataAlignment=DMA_MDATAALIGN_BYTE
Dma.USART3_RX.6.MemInc=DMA_MINC_ENABLE
Dma.USART3_RX.6.Mode=DMA_CIRCULAR
Dma.USART3_RX.6.PeriphDataAlignment=DMA_PDATAALIGN_BYTE
Dma.USART3_RX.6.PeriphInc=DMA_PINC_DISABLE
Dma.USART3_RX.6.Priority=DMA_PRIORITY_HIGH
Dma.USART3_RX.6.RequestParameters=Instance,Direction,PeriphInc,MemInc,PeriphDataAlignment,MemDataAlignment,Mode,Priority,FIFOMode
FATFS.IPParameters=_USE_STRFUNC,_USE_MUTEX,_USE_LFN,_FS_LOCK
FATFS._FS_LOCK=3
FATFS._USE_LFN=3
FATFS._USE_MUTEX=1
FATFS._USE_STRFUNC=1
FREERTOS.BinarySemaphores01=semSpi,Dynamic,NULL;semInitPpm,Dynamic,NULL;semSyncTime,Dynamic,NULL
FREERTOS.FootprintOK=true
FREERTOS.IPParameters=Tasks01,FootprintOK,Queues01,BinarySemaphores01,configUSE_MALLOC_FAILED_HOOK,configCHECK_FOR_STACK_OVERFLOW,configTOTAL_HEAP_SIZE,configGENERATE_RUN_TIME_STATS,configUSE_STATS_FORMATTING_FUNCTIONS,configUSE_POSIX_ERRNO,configUSE_NEWLIB_REENTRANT,Timers01
FREERTOS.Queues01=qSpi,16,SpiQNode,0,Dynamic,NULL,NULL;qI2c,16,I2cQNode,0,Dynamic,NULL,NULL;qGNSS_Tx1,16,String,0,Dynamic,NULL,NULL;qPPM_Tx0,16,String,0,Dynamic,NULL,NULL;qCDC_Rx,16,CDCRxData,0,Dynamic,NULL,NULL;qCDC_Tx,16,String,0,Dynamic,NULL,NULL;qMI_Tx,16,String,0,Dynamic,NULL,NULL;qJetTx,16,String,0,Dynamic,NULL,NULL;qBlthTx,16,String,0,Dynamic,NULL,NULL
FREERTOS.Tasks01=main,24,224,start_main,Default,NULL,Dynamic,NULL,NULL
FREERTOS.Timers01=tmrSyncTime,callbackTmrSyncTime,osTimerPeriodic,Default,NULL,Dynamic,NULL
FREERTOS.configCHECK_FOR_STACK_OVERFLOW=2
FREERTOS.configGENERATE_RUN_TIME_STATS=1
FREERTOS.configTOTAL_HEAP_SIZE=131072
FREERTOS.configUSE_MALLOC_FAILED_HOOK=1
FREERTOS.configUSE_NEWLIB_REENTRANT=1
FREERTOS.configUSE_POSIX_ERRNO=0
FREERTOS.configUSE_STATS_FORMATTING_FUNCTIONS=1
File.Version=6
GPIO.groupedBy=Group By Peripherals
I2C1.AddressingMode=I2C_ADDRESSINGMODE_7BIT
I2C1.DualAddressMode=I2C_DUALADDRESS_DISABLE
I2C1.GeneralCallMode=I2C_GENERALCALL_DISABLE
I2C1.I2C_Mode=I2C_Fast
I2C1.IPParameters=I2C_Mode,NoStretchMode,AddressingMode,DualAddressMode,OwnAddress,GeneralCallMode
I2C1.NoStretchMode=I2C_NOSTRETCH_DISABLE
I2C1.OwnAddress=0
KeepUserPlacement=false
Mcu.CPN=STM32F429VIT6
Mcu.Family=STM32F4
Mcu.IP0=DMA
Mcu.IP1=FATFS
Mcu.IP10=UART4
Mcu.IP11=UART7
Mcu.IP12=USART1
Mcu.IP13=USART2
Mcu.IP14=USART3
Mcu.IP15=USB_DEVICE
Mcu.IP16=USB_OTG_HS
Mcu.IP2=FREERTOS
Mcu.IP3=I2C1
Mcu.IP4=NVIC
Mcu.IP5=RCC
Mcu.IP6=RTC
Mcu.IP7=SPI1
Mcu.IP8=SPI3
Mcu.IP9=SYS
Mcu.IPNb=17
Mcu.Name=STM32F429VITx
Mcu.Package=LQFP100
Mcu.Pin0=PE2
Mcu.Pin1=PE3
Mcu.Pin10=PC3
Mcu.Pin11=PA0/WKUP
Mcu.Pin12=PA1
Mcu.Pin13=PA2
Mcu.Pin14=PA3
Mcu.Pin15=PA4
Mcu.Pin16=PA5
Mcu.Pin17=PA6
Mcu.Pin18=PA7
Mcu.Pin19=PB0
Mcu.Pin2=PE4
Mcu.Pin20=PB1
Mcu.Pin21=PE7
Mcu.Pin22=PE8
Mcu.Pin23=PE9
Mcu.Pin24=PE10
Mcu.Pin25=PE11
Mcu.Pin26=PE12
Mcu.Pin27=PE13
Mcu.Pin28=PE14
Mcu.Pin29=PE15
Mcu.Pin3=PE5
Mcu.Pin30=PB10
Mcu.Pin31=PB11
Mcu.Pin32=PB12
Mcu.Pin33=PB13
Mcu.Pin34=PB14
Mcu.Pin35=PB15
Mcu.Pin36=PD8
Mcu.Pin37=PD9
Mcu.Pin38=PD10
Mcu.Pin39=PD11
Mcu.Pin4=PE6
Mcu.Pin40=PD12
Mcu.Pin41=PD13
Mcu.Pin42=PD14
Mcu.Pin43=PD15
Mcu.Pin44=PC6
Mcu.Pin45=PC7
Mcu.Pin46=PC8
Mcu.Pin47=PC9
Mcu.Pin48=PA8
Mcu.Pin49=PA9
Mcu.Pin5=PH0/OSC_IN
Mcu.Pin50=PA10
Mcu.Pin51=PA11
Mcu.Pin52=PA12
Mcu.Pin53=PA13
Mcu.Pin54=PA14
Mcu.Pin55=PC10
Mcu.Pin56=PC11
Mcu.Pin57=PC12
Mcu.Pin58=PD0
Mcu.Pin59=PD1
Mcu.Pin6=PH1/OSC_OUT
Mcu.Pin60=PD2
Mcu.Pin61=PD3
Mcu.Pin62=PD4
Mcu.Pin63=PD5
Mcu.Pin64=PD6
Mcu.Pin65=PD7
Mcu.Pin66=PB4
Mcu.Pin67=PB5
Mcu.Pin68=PB6
Mcu.Pin69=PB7
Mcu.Pin7=PC0
Mcu.Pin70=PB8
Mcu.Pin71=PB9
Mcu.Pin72=PE0
Mcu.Pin73=PE1
Mcu.Pin74=VP_FATFS_VS_Generic
Mcu.Pin75=VP_FREERTOS_VS_CMSIS_V2
Mcu.Pin76=VP_RTC_VS_RTC_Activate
Mcu.Pin77=VP_RTC_VS_RTC_Calendar
Mcu.Pin78=VP_SYS_VS_tim1
Mcu.Pin79=VP_USB_DEVICE_VS_USB_DEVICE_CDC_HS
Mcu.Pin8=PC1
Mcu.Pin9=PC2
Mcu.PinsNb=80
Mcu.ThirdPartyNb=0
Mcu.UserConstants=
Mcu.UserName=STM32F429VITx
MxCube.Version=6.5.0
MxDb.Version=DB.6.0.50
NVIC.BusFault_IRQn=true\:0\:0\:false\:false\:true\:false\:false\:false\:true
NVIC.DMA1_Stream0_IRQn=true\:5\:0\:false\:false\:true\:true\:false\:true\:true
NVIC.DMA1_Stream1_IRQn=true\:5\:0\:false\:false\:true\:true\:false\:true\:true
NVIC.DMA1_Stream2_IRQn=true\:5\:0\:false\:false\:true\:true\:false\:true\:true
NVIC.DMA1_Stream3_IRQn=true\:5\:0\:false\:false\:true\:true\:false\:true\:true
NVIC.DMA1_Stream4_IRQn=true\:5\:0\:false\:false\:true\:true\:false\:true\:true
NVIC.DMA1_Stream5_IRQn=true\:5\:0\:false\:false\:true\:true\:false\:true\:true
NVIC.DMA1_Stream6_IRQn=true\:5\:0\:false\:false\:true\:true\:false\:true\:true
NVIC.DMA1_Stream7_IRQn=true\:5\:0\:false\:false\:true\:true\:false\:true\:true
NVIC.DMA2_Stream2_IRQn=true\:5\:0\:false\:false\:true\:true\:false\:true\:true
NVIC.DebugMonitor_IRQn=true\:0\:0\:false\:false\:true\:false\:false\:false\:true
NVIC.EXTI15_10_IRQn=true\:5\:0\:false\:false\:true\:true\:true\:true\:true
NVIC.ForceEnableDMAVector=true
NVIC.HardFault_IRQn=true\:0\:0\:false\:false\:true\:false\:false\:false\:true
NVIC.MemoryManagement_IRQn=true\:0\:0\:false\:false\:true\:false\:false\:false\:true
NVIC.NonMaskableInt_IRQn=true\:0\:0\:false\:false\:true\:false\:false\:false\:true
NVIC.OTG_HS_IRQn=true\:5\:0\:false\:false\:true\:true\:false\:true\:true
NVIC.PendSV_IRQn=true\:15\:0\:false\:false\:false\:true\:false\:false\:true
NVIC.PriorityGroup=NVIC_PRIORITYGROUP_4
NVIC.SVCall_IRQn=true\:0\:0\:false\:false\:false\:false\:false\:false\:true
NVIC.SavedPendsvIrqHandlerGenerated=true
NVIC.SavedSvcallIrqHandlerGenerated=true
NVIC.SavedSystickIrqHandlerGenerated=true
NVIC.SysTick_IRQn=true\:15\:0\:false\:false\:false\:true\:false\:true\:true
NVIC.TIM1_UP_TIM10_IRQn=true\:0\:0\:false\:false\:true\:false\:false\:true\:true
NVIC.TimeBase=TIM1_UP_TIM10_IRQn
NVIC.TimeBaseIP=TIM1
NVIC.UsageFault_IRQn=true\:0\:0\:false\:false\:true\:false\:false\:false\:true
PA0/WKUP.Locked=true
PA0/WKUP.Mode=Asynchronous
PA0/WKUP.Signal=UART4_TX
PA1.Locked=true
PA1.Mode=Asynchronous
PA1.Signal=UART4_RX
PA10.Locked=true
PA10.Mode=Asynchronous
PA10.Signal=USART1_RX
PA11.Locked=true
PA11.Signal=USART1_CTS
PA12.Locked=true
PA12.Signal=USART1_RTS
PA13.Locked=true
PA13.Mode=Serial_Wire
PA13.Signal=SYS_JTMS-SWDIO
PA14.Locked=true
PA14.Mode=Serial_Wire
PA14.Signal=SYS_JTCK-SWCLK
PA2.Locked=true
PA2.Mode=Asynchronous
PA2.Signal=USART2_TX
PA3.Locked=true
PA3.Mode=Asynchronous
PA3.Signal=USART2_RX
PA4.GPIOParameters=GPIO_Label
PA4.GPIO_Label=BARO_INT
PA4.Locked=true
PA4.Signal=GPIO_Input
PA5.Mode=Full_Duplex_Slave
PA5.Signal=SPI1_SCK
PA6.Mode=Full_Duplex_Slave
PA6.Signal=SPI1_MISO
PA7.Mode=Full_Duplex_Slave
PA7.Signal=SPI1_MOSI
PA8.GPIOParameters=GPIO_Speed,GPIO_Label
PA8.GPIO_Label=BLTH_RESET
PA8.GPIO_Speed=GPIO_SPEED_FREQ_VERY_HIGH
PA8.Locked=true
PA8.Signal=GPIO_Output
PA9.Locked=true
PA9.Mode=Asynchronous
PA9.Signal=USART1_TX
PB0.GPIOParameters=GPIO_Label
PB0.GPIO_Label=CPP_GPIO7
PB0.Locked=true
PB0.Signal=GPIO_Input
PB1.GPIOParameters=GPIO_Speed,GPIO_Label
PB1.GPIO_Label=BARO_ADR
PB1.GPIO_Speed=GPIO_SPEED_FREQ_LOW
PB1.Locked=true
PB1.Signal=GPIO_Output
PB10.Locked=true
PB10.Mode=Asynchronous
PB10.Signal=USART3_TX
PB11.Locked=true
PB11.Mode=Asynchronous
PB11.Signal=USART3_RX
PB12.Locked=true
PB12.Signal=USB_OTG_HS_ID
PB13.Locked=true
PB13.Mode=Activate_VBUS_FS
PB13.Signal=USB_OTG_HS_VBUS
PB14.Locked=true
PB14.Mode=Device_Only_FS
PB14.Signal=USB_OTG_HS_DM
PB15.Locked=true
PB15.Mode=Device_Only_FS
PB15.Signal=USB_OTG_HS_DP
PB4.GPIOParameters=GPIO_Speed,PinState,GPIO_Label
PB4.GPIO_Label=SD_CS
PB4.GPIO_Speed=GPIO_SPEED_FREQ_VERY_HIGH
PB4.Locked=true
PB4.PinState=GPIO_PIN_SET
PB4.Signal=GPIO_Output
PB5.GPIOParameters=GPIO_Label
PB5.GPIO_Label=ACCEL_ADR
PB5.Locked=true
PB5.Signal=GPIO_Output
PB6.GPIOParameters=GPIO_Pu
PB6.GPIO_Pu=GPIO_PULLUP
PB6.Locked=true
PB6.Mode=I2C
PB6.Signal=I2C1_SCL
PB7.GPIOParameters=GPIO_Pu
PB7.GPIO_Pu=GPIO_PULLUP
PB7.Locked=true
PB7.Mode=I2C
PB7.Signal=I2C1_SDA
PB8.GPIOParameters=GPIO_Speed,PinState,GPIO_Label
PB8.GPIO_Label=SPI1_SS
PB8.GPIO_Speed=GPIO_SPEED_FREQ_VERY_HIGH
PB8.Locked=true
PB8.PinState=GPIO_PIN_SET
PB8.Signal=GPIO_Output
PB9.GPIOParameters=GPIO_Speed,GPIO_Label
PB9.GPIO_Label=CLK_SWITCH_V2
PB9.GPIO_Speed=GPIO_SPEED_FREQ_VERY_HIGH
PB9.Locked=true
PB9.Signal=GPIO_Output
PC0.GPIOParameters=GPIO_Label
PC0.GPIO_Label=TFT_GPIO0
PC0.Locked=true
PC0.Signal=GPIO_Input
PC1.GPIOParameters=GPIO_Label
PC1.GPIO_Label=TFT_GPIO1
PC1.Locked=true
PC1.Signal=GPIO_Input
PC10.Locked=true
PC10.Mode=Full_Duplex_Master
PC10.Signal=SPI3_SCK
PC11.Locked=true
PC11.Mode=Full_Duplex_Master
PC11.Signal=SPI3_MISO
PC12.Locked=true
PC12.Mode=Full_Duplex_Master
PC12.Signal=SPI3_MOSI
PC2.GPIOParameters=GPIO_Label
PC2.GPIO_Label=TFT_GPIO2
PC2.Locked=true
PC2.Signal=GPIO_Input
PC3.GPIOParameters=GPIO_Label
PC3.GPIO_Label=TFT_GPIO3
PC3.Locked=true
PC3.Signal=GPIO_Input
PC6.GPIOParameters=GPIO_Speed,PinState,GPIO_Label
PC6.GPIO_Label=BTN_KILL
PC6.GPIO_Speed=GPIO_SPEED_FREQ_VERY_HIGH
PC6.Locked=true
PC6.PinState=GPIO_PIN_SET
PC6.Signal=GPIO_Output
PC7.GPIOParameters=GPIO_Label
PC7.GPIO_Label=BAT_INT_N
PC7.Locked=true
PC7.Signal=GPIO_Input
PC8.GPIOParameters=GPIO_Label
PC8.GPIO_Label=BAT_PG_N
PC8.Locked=true
PC8.Signal=GPIO_Input
PC9.GPIOParameters=GPIO_Speed,PinState,GPIO_Label
PC9.GPIO_Label=BAT_CE_N
PC9.GPIO_Speed=GPIO_SPEED_FREQ_VERY_HIGH
PC9.Locked=true
PC9.PinState=GPIO_PIN_RESET
PC9.Signal=GPIO_Output
PD0.GPIOParameters=GPIO_Speed,GPIO_Label
PD0.GPIO_Label=FLASH_HOLD
PD0.GPIO_Speed=GPIO_SPEED_FREQ_VERY_HIGH
PD0.Locked=true
PD0.Signal=GPIO_Output
PD1.GPIOParameters=GPIO_Speed,GPIO_Label
PD1.GPIO_Label=FLASH_WP
PD1.GPIO_Speed=GPIO_SPEED_FREQ_VERY_HIGH
PD1.Locked=true
PD1.Signal=GPIO_Output
PD10.GPIOParameters=GPIO_Speed,GPIO_Label
PD10.GPIO_Label=GL_ON_OFF
PD10.GPIO_Speed=GPIO_SPEED_FREQ_VERY_HIGH
PD10.Locked=true
PD10.Signal=GPIO_Output
PD11.GPIOParameters=GPIO_Label
PD11.GPIO_Label=GL_1PPS
PD11.Locked=true
PD11.Signal=GPXTI11
PD12.GPIOParameters=GPIO_Speed,PinState,GPIO_Label
PD12.GPIO_Label=MAGN_SPI_CS
PD12.GPIO_Speed=GPIO_SPEED_FREQ_VERY_HIGH
PD12.Locked=true
PD12.PinState=GPIO_PIN_SET
PD12.Signal=GPIO_Output
PD13.GPIOParameters=GPIO_Label
PD13.GPIO_Label=MAGN_IRQ_OUT2
PD13.Locked=true
PD13.Signal=GPIO_Input
PD14.GPIOParameters=GPIO_Label
PD14.GPIO_Label=MAGN_IRQ_OUT1
PD14.Locked=true
PD14.Signal=GPIO_Input
PD15.GPIOParameters=GPIO_Label,GPIO_ModeDefaultEXTI
PD15.GPIO_Label=BTN_INT
PD15.GPIO_ModeDefaultEXTI=GPIO_MODE_IT_FALLING
PD15.Locked=true
PD15.Signal=GPXTI15
PD2.GPIOParameters=GPIO_Speed,PinState,GPIO_Label
PD2.GPIO_Label=FLASH_SPI_CS
PD2.GPIO_Speed=GPIO_SPEED_FREQ_VERY_HIGH
PD2.Locked=true
PD2.PinState=GPIO_PIN_SET
PD2.Signal=GPIO_Output
PD3.GPIOParameters=GPIO_Label
PD3.GPIO_Label=GYRO_IRQ_OUT1
PD3.Locked=true
PD3.Signal=GPIO_Input
PD4.GPIOParameters=GPIO_Label
PD4.GPIO_Label=GYRO_IRQ_OUT2
PD4.Locked=true
PD4.Signal=GPIO_Input
PD5.GPIOParameters=GPIO_Speed,PinState,GPIO_Label
PD5.GPIO_Label=GYRO_SPI_CS
PD5.GPIO_Speed=GPIO_SPEED_FREQ_VERY_HIGH
PD5.Locked=true
PD5.PinState=GPIO_PIN_SET
PD5.Signal=GPIO_Output
PD6.GPIOParameters=GPIO_Label,GPIO_ModeDefaultEXTI
PD6.GPIO_Label=ACCEL_IRQ_OUT1
PD6.GPIO_ModeDefaultEXTI=GPIO_MODE_IT_FALLING
PD6.Locked=true
PD6.Signal=GPXTI6
PD7.GPIOParameters=GPIO_Label,GPIO_ModeDefaultEXTI
PD7.GPIO_Label=ACCEL_IRQ_OUT2
PD7.GPIO_ModeDefaultEXTI=GPIO_MODE_IT_FALLING
PD7.Locked=true
PD7.Signal=GPXTI7
PD8.GPIOParameters=GPIO_PuPd,GPIO_Label,GPIO_ModeDefaultEXTI
PD8.GPIO_Label=USB_INT
PD8.GPIO_ModeDefaultEXTI=GPIO_MODE_IT_FALLING
PD8.GPIO_PuPd=GPIO_PULLUP
PD8.Locked=true
PD8.Signal=GPXTI8
PD9.GPIOParameters=GPIO_Speed,GPIO_Label
PD9.GPIO_Label=USB_PORT_ROLE
PD9.GPIO_Speed=GPIO_SPEED_FREQ_VERY_HIGH
PD9.Locked=true
PD9.Signal=GPIO_Output
PE0.GPIOParameters=GPIO_Speed,GPIO_Label
PE0.GPIO_Label=CLK_SWITCH_V1
PE0.GPIO_Speed=GPIO_SPEED_FREQ_VERY_HIGH
PE0.Locked=true
PE0.Signal=GPIO_Output
PE1.GPIOParameters=GPIO_Speed,GPIO_Label
PE1.GPIO_Label=OSC_EN
PE1.GPIO_Speed=GPIO_SPEED_FREQ_VERY_HIGH
PE1.Locked=true
PE1.Signal=GPIO_Output
PE10.GPIOParameters=GPIO_Label
PE10.GPIO_Label=CPP_GPIO5
PE10.Locked=true
PE10.Signal=GPIO_Input
PE11.GPIOParameters=GPIO_Label
PE11.GPIO_Label=CPP_GPIO4
PE11.Locked=true
PE11.Signal=GPIO_Input
PE12.GPIOParameters=GPIO_Label
PE12.GPIO_Label=CPP_GPIO3
PE12.Locked=true
PE12.Signal=GPIO_Input
PE13.GPIOParameters=GPIO_Label
PE13.GPIO_Label=CPP_GPIO2
PE13.Locked=true
PE13.Signal=GPIO_Input
PE14.GPIOParameters=GPIO_Label
PE14.GPIO_Label=CPP_S1
PE14.Locked=true
PE14.Signal=GPIO_Input
PE15.GPIOParameters=GPIO_Speed,GPIO_Label
PE15.GPIO_Label=LIPO_VBAT_EN
PE15.GPIO_Speed=GPIO_SPEED_FREQ_VERY_HIGH
PE15.Locked=true
PE15.Signal=GPIO_Output
PE2.GPIOParameters=GPIO_Label
PE2.GPIO_Label=LED_R
PE2.Locked=true
PE2.Signal=GPIO_Output
PE3.GPIOParameters=GPIO_Label
PE3.GPIO_Label=LED_G
PE3.Locked=true
PE3.Signal=GPIO_Output
PE4.GPIOParameters=GPIO_Speed,PinState,GPIO_Label
PE4.GPIO_Label=TFT_CS
PE4.GPIO_Speed=GPIO_SPEED_FREQ_VERY_HIGH
PE4.Locked=true
PE4.PinState=GPIO_PIN_SET
PE4.Signal=GPIO_Output
PE5.GPIOParameters=GPIO_Label,GPIO_ModeDefaultEXTI
PE5.GPIO_Label=TFT_INT
PE5.GPIO_ModeDefaultEXTI=GPIO_MODE_IT_FALLING
PE5.Locked=true
PE5.Signal=GPXTI5
PE6.GPIOParameters=GPIO_Speed,PinState,GPIO_Label
PE6.GPIO_Label=TFT_PD
PE6.GPIO_Speed=GPIO_SPEED_FREQ_VERY_HIGH
PE6.Locked=true
PE6.PinState=GPIO_PIN_RESET
PE6.Signal=GPIO_Output
PE7.Locked=true
PE7.Mode=Asynchronous
PE7.Signal=UART7_RX
PE8.Locked=true
PE8.Mode=Asynchronous
PE8.Signal=UART7_TX
PE9.GPIOParameters=GPIO_Label
PE9.GPIO_Label=CPP_GPIO6
PE9.Locked=true
PE9.Signal=GPIO_Input
PH0/OSC_IN.Locked=true
PH0/OSC_IN.Mode=HSE-External-Clock-Source
PH0/OSC_IN.Signal=RCC_OSC_IN
PH1/OSC_OUT.Locked=true
PH1/OSC_OUT.Mode=HSE-External-Clock-Source
PH1/OSC_OUT.Signal=RCC_OSC_OUT
PinOutPanel.RotationAngle=0
ProjectManager.AskForMigrate=true
ProjectManager.BackupPrevious=false
ProjectManager.CompilerOptimize=6
ProjectManager.ComputerToolchain=false
ProjectManager.CoupleFile=true
ProjectManager.CustomerFirmwarePackage=
ProjectManager.DefaultFWLocation=true
ProjectManager.DeletePrevious=true
ProjectManager.DeviceId=STM32F429VITx
ProjectManager.FirmwarePackage=STM32Cube FW_F4 V1.27.0
ProjectManager.FreePins=false
ProjectManager.HalAssertFull=false
ProjectManager.HeapSize=0x200
ProjectManager.KeepUserCode=true
ProjectManager.LastFirmware=true
ProjectManager.LibraryCopy=1
ProjectManager.MainLocation=Core/Src
ProjectManager.NoMain=false
ProjectManager.PreviousToolchain=STM32CubeIDE
ProjectManager.ProjectBuild=false
ProjectManager.ProjectFileName=mnOsLsn.ioc
ProjectManager.ProjectName=mnOsLsn
ProjectManager.RegisterCallBack=
ProjectManager.StackSize=0x400
ProjectManager.TargetToolchain=STM32CubeIDE
ProjectManager.ToolChainLocation=
ProjectManager.UnderRoot=true
ProjectManager.functionlistsort=1-MX_GPIO_Init-GPIO-false-HAL-true,2-MX_DMA_Init-DMA-false-HAL-true,3-SystemClock_Config-RCC-false-HAL-false,4-MX_I2C1_Init-I2C1-false-HAL-true,5-MX_SPI3_Init-SPI3-false-HAL-true,6-MX_UART4_Init-UART4-false-HAL-true,7-MX_USART1_UART_Init-USART1-false-HAL-true,8-MX_USART2_UART_Init-USART2-false-HAL-true,9-MX_UART7_Init-UART7-false-HAL-true,10-MX_USART3_UART_Init-USART3-false-HAL-true,11-MX_FATFS_Init-FATFS-false-HAL-false,12-MX_RTC_Init-RTC-false-HAL-true,13-MX_USB_DEVICE_Init-USB_DEVICE-false-HAL-false,14-MX_SPI1_Init-SPI1-false-HAL-true
RCC.48MHZClocksFreq_Value=48000000
RCC.AHBFreq_Value=168000000
RCC.APB1CLKDivider=RCC_HCLK_DIV4
RCC.APB1Freq_Value=42000000
RCC.APB1TimFreq_Value=84000000
RCC.APB2CLKDivider=RCC_HCLK_DIV2
RCC.APB2Freq_Value=84000000
RCC.APB2TimFreq_Value=168000000
RCC.CortexFreq_Value=168000000
RCC.EthernetFreq_Value=168000000
RCC.FCLKCortexFreq_Value=168000000
RCC.FamilyName=M
RCC.HCLKFreq_Value=168000000
RCC.HSE_VALUE=10000000
RCC.HSI_VALUE=16000000
RCC.I2SClocksFreq_Value=192000000
RCC.IPParameters=48MHZClocksFreq_Value,AHBFreq_Value,APB1CLKDivider,APB1Freq_Value,APB1TimFreq_Value,APB2CLKDivider,APB2Freq_Value,APB2TimFreq_Value,CortexFreq_Value,EthernetFreq_Value,FCLKCortexFreq_Value,FamilyName,HCLKFreq_Value,HSE_VALUE,HSI_VALUE,I2SClocksFreq_Value,LCDTFTFreq_Value,LSE_VALUE,LSI_VALUE,MCO2PinFreq_Value,PLLCLKFreq_Value,PLLM,PLLN,PLLQ,PLLQCLKFreq_Value,RTCFreq_Value,RTCHSEDivFreq_Value,SAI_AClocksFreq_Value,SAI_BClocksFreq_Value,SYSCLKFreq_VALUE,SYSCLKSource,VCOI2SOutputFreq_Value,VCOInputFreq_Value,VCOOutputFreq_Value,VCOSAIOutputFreq_Value,VCOSAIOutputFreq_ValueQ,VCOSAIOutputFreq_ValueR,VcooutputI2S,VcooutputI2SQ
RCC.LCDTFTFreq_Value=24500000
RCC.LSE_VALUE=32768
RCC.LSI_VALUE=32000
RCC.MCO2PinFreq_Value=168000000
RCC.PLLCLKFreq_Value=168000000
RCC.PLLM=5
RCC.PLLN=168
RCC.PLLQ=7
RCC.PLLQCLKFreq_Value=48000000
RCC.RTCFreq_Value=32000
RCC.RTCHSEDivFreq_Value=5000000
RCC.SAI_AClocksFreq_Value=24500000
RCC.SAI_BClocksFreq_Value=24500000
RCC.SYSCLKFreq_VALUE=168000000
RCC.SYSCLKSource=RCC_SYSCLKSOURCE_PLLCLK
RCC.VCOI2SOutputFreq_Value=384000000
RCC.VCOInputFreq_Value=2000000
RCC.VCOOutputFreq_Value=336000000
RCC.VCOSAIOutputFreq_Value=98000000
RCC.VCOSAIOutputFreq_ValueQ=24500000
RCC.VCOSAIOutputFreq_ValueR=49000000
RCC.VcooutputI2S=192000000
RCC.VcooutputI2SQ=192000000
RTC.Format=RTC_FORMAT_BIN
RTC.IPParameters=Year,WeekDay,SynchPrediv,Format
RTC.SynchPrediv=249
RTC.WeekDay=RTC_WEEKDAY_FRIDAY
RTC.Year=41
SH.GPXTI11.0=GPIO_EXTI11
SH.GPXTI11.ConfNb=1
SH.GPXTI15.0=GPIO_EXTI15
SH.GPXTI15.ConfNb=1
SH.GPXTI5.0=GPIO_EXTI5
SH.GPXTI5.ConfNb=1
SH.GPXTI6.0=GPIO_EXTI6
SH.GPXTI6.ConfNb=1
SH.GPXTI7.0=GPIO_EXTI7
SH.GPXTI7.ConfNb=1
SH.GPXTI8.0=GPIO_EXTI8
SH.GPXTI8.ConfNb=1
SPI1.Direction=SPI_DIRECTION_2LINES
SPI1.IPParameters=VirtualType,Mode,Direction
SPI1.Mode=SPI_MODE_SLAVE
SPI1.VirtualType=VM_SLAVE
SPI3.BaudRatePrescaler=SPI_BAUDRATEPRESCALER_4
SPI3.CalculateBaudRate=10.5 MBits/s
SPI3.Direction=SPI_DIRECTION_2LINES
SPI3.IPParameters=VirtualType,Mode,Direction,CalculateBaudRate,BaudRatePrescaler
SPI3.Mode=SPI_MODE_MASTER
SPI3.VirtualType=VM_MASTER
UART4.IPParameters=VirtualMode
UART4.VirtualMode=Asynchronous
UART7.IPParameters=VirtualMode
UART7.VirtualMode=Asynchronous
USART1.IPParameters=VirtualMode
USART1.VirtualMode=VM_ASYNC
USART2.IPParameters=VirtualMode
USART2.VirtualMode=VM_ASYNC
USART3.IPParameters=VirtualMode
USART3.VirtualMode=VM_ASYNC
USB_DEVICE.CLASS_NAME_HS=CDC
USB_DEVICE.IPParameters=VirtualMode-CDC_HS,VirtualModeHS,CLASS_NAME_HS
USB_DEVICE.VirtualMode-CDC_HS=Cdc
USB_DEVICE.VirtualModeHS=Cdc_HS
USB_OTG_HS.IPParameters=VirtualMode-Device_Only_FS,dma_enable-Device_Only_FS
USB_OTG_HS.VirtualMode-Device_Only_FS=Device_Only_FS
USB_OTG_HS.dma_enable-Device_Only_FS=ENABLE
VP_FATFS_VS_Generic.Mode=User_defined
VP_FATFS_VS_Generic.Signal=FATFS_VS_Generic
VP_FREERTOS_VS_CMSIS_V2.Mode=CMSIS_V2
VP_FREERTOS_VS_CMSIS_V2.Signal=FREERTOS_VS_CMSIS_V2
VP_RTC_VS_RTC_Activate.Mode=RTC_Enabled
VP_RTC_VS_RTC_Activate.Signal=RTC_VS_RTC_Activate
VP_RTC_VS_RTC_Calendar.Mode=RTC_Calendar
VP_RTC_VS_RTC_Calendar.Signal=RTC_VS_RTC_Calendar
VP_SYS_VS_tim1.Mode=TIM1
VP_SYS_VS_tim1.Signal=SYS_VS_tim1
VP_USB_DEVICE_VS_USB_DEVICE_CDC_HS.Mode=CDC_HS
VP_USB_DEVICE_VS_USB_DEVICE_CDC_HS.Signal=USB_DEVICE_VS_USB_DEVICE_CDC_HS
board=custom
isbadioc=false
